
Microsoft Visual Studio Solution File, Format Version 12.00
# Visual Studio 15
VisualStudioVersion = 15.0.28307.421
MinimumVisualStudioVersion = 10.0.40219.1
Project("{FAE04EC0-301F-11D3-BF4B-00C04F79EFBC}") = "msdn-article-demo", "msdn-article\msdn-article-demo.csproj", "{62B3DB68-36C2-42FB-9F20-F28814A83878}"
EndProject
Project("{E24C65DC-7377-472B-9ABA-BC803B73C61A}") = "msdnarticledemo", "solr\msdnarticledemo\", "{CCC05C87-65BD-4FD2-8C7B-1598A1B4A89A}"
	ProjectSection(WebsiteProperties) = preProject
		TargetFrameworkMoniker = ".NETFramework,Version%3Dv4.0"
		Debug.AspNetCompiler.VirtualPath = "/localhost_63753"
		Debug.AspNetCompiler.PhysicalPath = "solr\msdnarticledemo\"
		Debug.AspNetCompiler.TargetPath = "PrecompiledWeb\localhost_63753\"
		Debug.AspNetCompiler.Updateable = "true"
		Debug.AspNetCompiler.ForceOverwrite = "true"
		Debug.AspNetCompiler.FixedNames = "false"
		Debug.AspNetCompiler.Debug = "True"
		Release.AspNetCompiler.VirtualPath = "/localhost_63753"
		Release.AspNetCompiler.PhysicalPath = "solr\msdnarticledemo\"
		Release.AspNetCompiler.TargetPath = "PrecompiledWeb\localhost_63753\"
		Release.AspNetCompiler.Updateable = "true"
		Release.AspNetCompiler.ForceOverwrite = "true"
		Release.AspNetCompiler.FixedNames = "false"
		Release.AspNetCompiler.Debug = "False"
		VWDPort = "63753"
		SlnRelativePath = "solr\msdnarticledemo\"
	EndProjectSection
EndProject
Global
	GlobalSection(SolutionConfigurationPlatforms) = preSolution
		Debug|Any CPU = Debug|Any CPU
		Release|Any CPU = Release|Any CPU
	EndGlobalSection
	GlobalSection(ProjectConfigurationPlatforms) = postSolution
		{62B3DB68-36C2-42FB-9F20-F28814A83878}.Debug|Any CPU.ActiveCfg = Debug|Any CPU
		{62B3DB68-36C2-42FB-9F20-F28814A83878}.Debug|Any CPU.Build.0 = Debug|Any CPU
		{62B3DB68-36C2-42FB-9F20-F28814A83878}.Release|Any CPU.ActiveCfg = Release|Any CPU
		{62B3DB68-36C2-42FB-9F20-F28814A83878}.Release|Any CPU.Build.0 = Release|Any CPU
		{CCC05C87-65BD-4FD2-8C7B-1598A1B4A89A}.Debug|Any CPU.ActiveCfg = Debug|Any CPU
		{CCC05C87-65BD-4FD2-8C7B-1598A1B4A89A}.Debug|Any CPU.Build.0 = Debug|Any CPU
		{CCC05C87-65BD-4FD2-8C7B-1598A1B4A89A}.Release|Any CPU.ActiveCfg = Debug|Any CPU
		{CCC05C87-65BD-4FD2-8C7B-1598A1B4A89A}.Release|Any CPU.Build.0 = Debug|Any CPU
	EndGlobalSection
	GlobalSection(SolutionProperties) = preSolution
		HideSolutionNode = FALSE
	EndGlobalSection
	GlobalSection(ExtensibilityGlobals) = postSolution
		SolutionGuid = {6DCBA73E-2CEB-4E27-83EB-8C85FA7439A4}
	EndGlobalSection
EndGlobal
